<Solution>
  <Folder Name="/src/">
    <Project Path="src/PerformanceReviewReminderBot.Web/PerformanceReviewReminderBot.Web.csproj" />
  </Folder>
  <Folder Name="/tests/">
    <Project Path="tests/PerformanceReviewReminderBot.Web.Tests/PerformanceReviewReminderBot.Web.Tests.csproj" />
  </Folder>
</Solution>
